
Microsoft Visual Studio Solution File, Format Version 12.00
# Visual Studio Version 16
VisualStudioVersion = 16.0.29411.108
MinimumVisualStudioVersion = 10.0.40219.1
Project("{FAE04EC0-301F-11D3-BF4B-00C04F79EFBC}") = "CodeEvaluation", "CodeEvaluation\CodeEvaluation.csproj", "{8FF74362-48B8-4C35-B85C-1B37EA66C40A}"
EndProject
Project("{FAE04EC0-301F-11D3-BF4B-00C04F79EFBC}") = "RGBColorTest", "RGBColorTest\RGBColorTest.csproj", "{577A95C4-2692-4C0F-97C3-0F5BEB8008A0}"
EndProject
Project("{FAE04EC0-301F-11D3-BF4B-00C04F79EFBC}") = "CodeEvaluationCppTest", "CodeEvaluationCppTest\CodeEvaluationCppTest.csproj", "{22B9DC52-FC00-416C-A4EB-CAA60AE98868}"
EndProject
Global
	GlobalSection(SolutionConfigurationPlatforms) = preSolution
		Debug|Any CPU = Debug|Any CPU
		Release|Any CPU = Release|Any CPU
	EndGlobalSection
	GlobalSection(ProjectConfigurationPlatforms) = postSolution
		{8FF74362-48B8-4C35-B85C-1B37EA66C40A}.Debug|Any CPU.ActiveCfg = Debug|Any CPU
		{8FF74362-48B8-4C35-B85C-1B37EA66C40A}.Debug|Any CPU.Build.0 = Debug|Any CPU
		{8FF74362-48B8-4C35-B85C-1B37EA66C40A}.Release|Any CPU.ActiveCfg = Release|Any CPU
		{8FF74362-48B8-4C35-B85C-1B37EA66C40A}.Release|Any CPU.Build.0 = Release|Any CPU
		{577A95C4-2692-4C0F-97C3-0F5BEB8008A0}.Debug|Any CPU.ActiveCfg = Debug|Any CPU
		{577A95C4-2692-4C0F-97C3-0F5BEB8008A0}.Debug|Any CPU.Build.0 = Debug|Any CPU
		{577A95C4-2692-4C0F-97C3-0F5BEB8008A0}.Release|Any CPU.ActiveCfg = Release|Any CPU
		{577A95C4-2692-4C0F-97C3-0F5BEB8008A0}.Release|Any CPU.Build.0 = Release|Any CPU
		{22B9DC52-FC00-416C-A4EB-CAA60AE98868}.Debug|Any CPU.ActiveCfg = Debug|Any CPU
		{22B9DC52-FC00-416C-A4EB-CAA60AE98868}.Debug|Any CPU.Build.0 = Debug|Any CPU
		{22B9DC52-FC00-416C-A4EB-CAA60AE98868}.Release|Any CPU.ActiveCfg = Release|Any CPU
		{22B9DC52-FC00-416C-A4EB-CAA60AE98868}.Release|Any CPU.Build.0 = Release|Any CPU
	EndGlobalSection
	GlobalSection(SolutionProperties) = preSolution
		HideSolutionNode = FALSE
	EndGlobalSection
	GlobalSection(ExtensibilityGlobals) = postSolution
		SolutionGuid = {D1E03BC0-145E-4136-A922-BD31E13E386F}
	EndGlobalSection
EndGlobal
